// !$*UTF8*$!
{
	archiveVersion = 1;
	classes = {
	};
	objectVersion = 50;
	objects = {

/* Begin PBXBuildFile section */
		2A1AAF5320D301FE00C6D573 /* AFDateModel.swift in Sources */ = {isa = PBXBuildFile; fileRef = 2A1AAF5220D301FE00C6D573 /* AFDateModel.swift */; };
		2A5E182320D0682C000F5E97 /* CalendarCollectionViewCell.xib in Resources */ = {isa = PBXBuildFile; fileRef = 2A5E182220D0682C000F5E97 /* CalendarCollectionViewCell.xib */; };
		2A5E182520D068E9000F5E97 /* CalendarCollectionViewCell.swift in Sources */ = {isa = PBXBuildFile; fileRef = 2A5E182420D068E9000F5E97 /* CalendarCollectionViewCell.swift */; };
		44830BB49F14AC1205FB9FEF /* Pods_AnimalsFirstTests.framework in Frameworks */ = {isa = PBXBuildFile; fileRef = 3343187B46EF49087C4A0677 /* Pods_AnimalsFirstTests.framework */; };
		6615C6BE20A9C66A00141F2D /* UIViewControllerExtensions.swift in Sources */ = {isa = PBXBuildFile; fileRef = 6615C6BD20A9C66A00141F2D /* UIViewControllerExtensions.swift */; };
		6615C6C020A9C67900141F2D /* StoryboardExtensions.swift in Sources */ = {isa = PBXBuildFile; fileRef = 6615C6BF20A9C67900141F2D /* StoryboardExtensions.swift */; };
		6615C6C220A9C8B800141F2D /* UILabel+UITextFieldExtensions.swift in Sources */ = {isa = PBXBuildFile; fileRef = 6615C6C120A9C8B800141F2D /* UILabel+UITextFieldExtensions.swift */; };
		661A78C820B59995002DAB60 /* ClientCollectionViewCell.xib in Resources */ = {isa = PBXBuildFile; fileRef = 661A78C720B59995002DAB60 /* ClientCollectionViewCell.xib */; };
		661A78CA20B599FE002DAB60 /* ClientCollectionViewCell.swift in Sources */ = {isa = PBXBuildFile; fileRef = 661A78C920B599FE002DAB60 /* ClientCollectionViewCell.swift */; };
		6660934720DBE3FC00FCE46A /* ContactViewController.swift in Sources */ = {isa = PBXBuildFile; fileRef = 6660934620DBE3FC00FCE46A /* ContactViewController.swift */; };
		6660934920DBE41A00FCE46A /* HistoryViewController.swift in Sources */ = {isa = PBXBuildFile; fileRef = 6660934820DBE41A00FCE46A /* HistoryViewController.swift */; };
		6660934B20DBE43A00FCE46A /* History.storyboard in Resources */ = {isa = PBXBuildFile; fileRef = 6660934A20DBE43A00FCE46A /* History.storyboard */; };
		6660934D20DBE44D00FCE46A /* Contact.storyboard in Resources */ = {isa = PBXBuildFile; fileRef = 6660934C20DBE44D00FCE46A /* Contact.storyboard */; };
		6660935020DBE47500FCE46A /* AdoptionsTableViewCell.swift in Sources */ = {isa = PBXBuildFile; fileRef = 6660934E20DBE47500FCE46A /* AdoptionsTableViewCell.swift */; };
		6660935420DBE48600FCE46A /* HistoryTableViewCell.swift in Sources */ = {isa = PBXBuildFile; fileRef = 6660935220DBE48600FCE46A /* HistoryTableViewCell.swift */; };
		6660935520DBE48600FCE46A /* HistoryTableViewCell.xib in Resources */ = {isa = PBXBuildFile; fileRef = 6660935320DBE48600FCE46A /* HistoryTableViewCell.xib */; };
		6660935B20DBED3C00FCE46A /* FosterTableViewCell.swift in Sources */ = {isa = PBXBuildFile; fileRef = 6660935920DBED3C00FCE46A /* FosterTableViewCell.swift */; };
		6660935C20DBED3C00FCE46A /* FosterTableViewCell.xib in Resources */ = {isa = PBXBuildFile; fileRef = 6660935A20DBED3C00FCE46A /* FosterTableViewCell.xib */; };
		6664C0BF20D13E3300BD2363 /* AppointmentsModel.swift in Sources */ = {isa = PBXBuildFile; fileRef = 6664C0BE20D13E3300BD2363 /* AppointmentsModel.swift */; };
		6664C0C620D1577000BD2363 /* CalendarCollectionReusableView.swift in Sources */ = {isa = PBXBuildFile; fileRef = 6664C0C420D1577000BD2363 /* CalendarCollectionReusableView.swift */; };
		6664C0C720D1577000BD2363 /* CalendarCollectionReusableView.xib in Resources */ = {isa = PBXBuildFile; fileRef = 6664C0C520D1577000BD2363 /* CalendarCollectionReusableView.xib */; };
		6664C0C920D1634100BD2363 /* DateExtensions.swift in Sources */ = {isa = PBXBuildFile; fileRef = 6664C0C820D1634100BD2363 /* DateExtensions.swift */; };
		66713E7820DA6D3400E01CA1 /* AppointmentsDetailViewController.swift in Sources */ = {isa = PBXBuildFile; fileRef = 66713E7720DA6D3400E01CA1 /* AppointmentsDetailViewController.swift */; };
		66729AC92099D1E200486B6F /* RegisterViewController.swift in Sources */ = {isa = PBXBuildFile; fileRef = 66729AC82099D1E200486B6F /* RegisterViewController.swift */; };
		6675C70920B6E1D1006A089C /* 2015_p16_01_logo_animal_first_ales_colorat-1.jpg in Resources */ = {isa = PBXBuildFile; fileRef = 6675C70820B6E1D1006A089C /* 2015_p16_01_logo_animal_first_ales_colorat-1.jpg */; };
		6675C70E20B6E3CB006A089C /* Adoptions.storyboard in Resources */ = {isa = PBXBuildFile; fileRef = 6675C70D20B6E3CB006A089C /* Adoptions.storyboard */; };
		6675C71020B6E3E1006A089C /* AdoptionsViewController.swift in Sources */ = {isa = PBXBuildFile; fileRef = 6675C70F20B6E3E1006A089C /* AdoptionsViewController.swift */; };
		6675C71220B6E400006A089C /* Foster.storyboard in Resources */ = {isa = PBXBuildFile; fileRef = 6675C71120B6E400006A089C /* Foster.storyboard */; };
		6675C71420B6E40E006A089C /* FosterViewController.swift in Sources */ = {isa = PBXBuildFile; fileRef = 6675C71320B6E40E006A089C /* FosterViewController.swift */; };
		6675C71620B6E423006A089C /* Appointments.storyboard in Resources */ = {isa = PBXBuildFile; fileRef = 6675C71520B6E423006A089C /* Appointments.storyboard */; };
		6675C71820B6E438006A089C /* AppointmentsViewController.swift in Sources */ = {isa = PBXBuildFile; fileRef = 6675C71720B6E438006A089C /* AppointmentsViewController.swift */; };
		6675C71A20B6E6DB006A089C /* UIColorExtensions.swift in Sources */ = {isa = PBXBuildFile; fileRef = 6675C71920B6E6DB006A089C /* UIColorExtensions.swift */; };
		6675C71C20B6E725006A089C /* FirebaseHelpers.swift in Sources */ = {isa = PBXBuildFile; fileRef = 6675C71B20B6E725006A089C /* FirebaseHelpers.swift */; };
		6675C71E20B6E7CE006A089C /* StoryboardNavigator.swift in Sources */ = {isa = PBXBuildFile; fileRef = 6675C71D20B6E7CE006A089C /* StoryboardNavigator.swift */; };
		667A1BF42090733D0058985E /* Admin.storyboard in Resources */ = {isa = PBXBuildFile; fileRef = 667A1BF32090733D0058985E /* Admin.storyboard */; };
		667A1BF6209073660058985E /* AdminViewController.swift in Sources */ = {isa = PBXBuildFile; fileRef = 667A1BF5209073660058985E /* AdminViewController.swift */; };
		667A1BF92090749C0058985E /* LoginViewController.swift in Sources */ = {isa = PBXBuildFile; fileRef = 667A1BF82090749C0058985E /* LoginViewController.swift */; };
		66845A3520A06E0F00DF75A7 /* Register.storyboard in Resources */ = {isa = PBXBuildFile; fileRef = 66845A3420A06E0F00DF75A7 /* Register.storyboard */; };
		6684A4FC20B2F82700A63546 /* AFConstants.swift in Sources */ = {isa = PBXBuildFile; fileRef = 6684A4FB20B2F82700A63546 /* AFConstants.swift */; };
		66962AC920B44F7E00D93AFB /* UserModel.swift in Sources */ = {isa = PBXBuildFile; fileRef = 66962AC820B44F7E00D93AFB /* UserModel.swift */; };
		66989E53209C860F007B2C12 /* AFAlert.swift in Sources */ = {isa = PBXBuildFile; fileRef = 66989E52209C860F007B2C12 /* AFAlert.swift */; };
		66A8FF1B208DF54D007BCD48 /* AppDelegate.swift in Sources */ = {isa = PBXBuildFile; fileRef = 66A8FF1A208DF54D007BCD48 /* AppDelegate.swift */; };
		66A8FF20208DF54D007BCD48 /* Login.storyboard in Resources */ = {isa = PBXBuildFile; fileRef = 66A8FF1E208DF54D007BCD48 /* Login.storyboard */; };
		66A8FF23208DF54D007BCD48 /* AnimalsFirst.xcdatamodeld in Sources */ = {isa = PBXBuildFile; fileRef = 66A8FF21208DF54D007BCD48 /* AnimalsFirst.xcdatamodeld */; };
		66A8FF25208DF54F007BCD48 /* Assets.xcassets in Resources */ = {isa = PBXBuildFile; fileRef = 66A8FF24208DF54F007BCD48 /* Assets.xcassets */; };
		66A8FF28208DF54F007BCD48 /* LaunchScreen.storyboard in Resources */ = {isa = PBXBuildFile; fileRef = 66A8FF26208DF54F007BCD48 /* LaunchScreen.storyboard */; };
		66A8FF33208DF54F007BCD48 /* AnimalsFirstTests.swift in Sources */ = {isa = PBXBuildFile; fileRef = 66A8FF32208DF54F007BCD48 /* AnimalsFirstTests.swift */; };
		66A8FF3E208DF5BC007BCD48 /* ClientViewController.swift in Sources */ = {isa = PBXBuildFile; fileRef = 66A8FF3D208DF5BC007BCD48 /* ClientViewController.swift */; };
		66A8FF40208DF5D6007BCD48 /* DoctorViewController.swift in Sources */ = {isa = PBXBuildFile; fileRef = 66A8FF3F208DF5D6007BCD48 /* DoctorViewController.swift */; };
		66A8FF42208DF696007BCD48 /* Client.storyboard in Resources */ = {isa = PBXBuildFile; fileRef = 66A8FF41208DF696007BCD48 /* Client.storyboard */; };
		66A8FF44208DF6A4007BCD48 /* Doctor.storyboard in Resources */ = {isa = PBXBuildFile; fileRef = 66A8FF43208DF6A4007BCD48 /* Doctor.storyboard */; };
		66A8FF4C208DFC14007BCD48 /* download.png in Resources */ = {isa = PBXBuildFile; fileRef = 66A8FF4A208DFC14007BCD48 /* download.png */; };
		66A8FF4D208DFC14007BCD48 /* lock-open-blue.png in Resources */ = {isa = PBXBuildFile; fileRef = 66A8FF4B208DFC14007BCD48 /* lock-open-blue.png */; };
		66A8FF54208E029A007BCD48 /* GoogleService-Info.plist in Resources */ = {isa = PBXBuildFile; fileRef = 66A8FF53208E029A007BCD48 /* GoogleService-Info.plist */; };
		66A8FF55208E029A007BCD48 /* GoogleService-Info.plist in Resources */ = {isa = PBXBuildFile; fileRef = 66A8FF53208E029A007BCD48 /* GoogleService-Info.plist */; };
		7C9E25D3D3E12B0C5D8877F3 /* Pods_AnimalsFirst.framework in Frameworks */ = {isa = PBXBuildFile; fileRef = 8449021CD6185B694A7C9582 /* Pods_AnimalsFirst.framework */; };
/* End PBXBuildFile section */

/* Begin PBXContainerItemProxy section */
		66A8FF2F208DF54F007BCD48 /* PBXContainerItemProxy */ = {
			isa = PBXContainerItemProxy;
			containerPortal = 66A8FF0F208DF54D007BCD48 /* Project object */;
			proxyType = 1;
			remoteGlobalIDString = 66A8FF16208DF54D007BCD48;
			remoteInfo = AnimalsFirst;
		};
/* End PBXContainerItemProxy section */

/* Begin PBXFileReference section */
		2A1AAF5220D301FE00C6D573 /* AFDateModel.swift */ = {isa = PBXFileReference; lastKnownFileType = sourcecode.swift; path = AFDateModel.swift; sourceTree = "<group>"; };
		2A5E182220D0682C000F5E97 /* CalendarCollectionViewCell.xib */ = {isa = PBXFileReference; lastKnownFileType = file.xib; path = CalendarCollectionViewCell.xib; sourceTree = "<group>"; };
		2A5E182420D068E9000F5E97 /* CalendarCollectionViewCell.swift */ = {isa = PBXFileReference; lastKnownFileType = sourcecode.swift; path = CalendarCollectionViewCell.swift; sourceTree = "<group>"; };
		3343187B46EF49087C4A0677 /* Pods_AnimalsFirstTests.framework */ = {isa = PBXFileReference; explicitFileType = wrapper.framework; includeInIndex = 0; path = Pods_AnimalsFirstTests.framework; sourceTree = BUILT_PRODUCTS_DIR; };
		39A2FF48D3409067064CCF87 /* Pods-AnimalsFirst.release.xcconfig */ = {isa = PBXFileReference; includeInIndex = 1; lastKnownFileType = text.xcconfig; name = "Pods-AnimalsFirst.release.xcconfig"; path = "Pods/Target Support Files/Pods-AnimalsFirst/Pods-AnimalsFirst.release.xcconfig"; sourceTree = "<group>"; };
		6615C6BD20A9C66A00141F2D /* UIViewControllerExtensions.swift */ = {isa = PBXFileReference; lastKnownFileType = sourcecode.swift; path = UIViewControllerExtensions.swift; sourceTree = "<group>"; };
		6615C6BF20A9C67900141F2D /* StoryboardExtensions.swift */ = {isa = PBXFileReference; lastKnownFileType = sourcecode.swift; path = StoryboardExtensions.swift; sourceTree = "<group>"; };
		6615C6C120A9C8B800141F2D /* UILabel+UITextFieldExtensions.swift */ = {isa = PBXFileReference; lastKnownFileType = sourcecode.swift; path = "UILabel+UITextFieldExtensions.swift"; sourceTree = "<group>"; };
		661A78C720B59995002DAB60 /* ClientCollectionViewCell.xib */ = {isa = PBXFileReference; lastKnownFileType = file.xib; path = ClientCollectionViewCell.xib; sourceTree = "<group>"; };
		661A78C920B599FE002DAB60 /* ClientCollectionViewCell.swift */ = {isa = PBXFileReference; lastKnownFileType = sourcecode.swift; path = ClientCollectionViewCell.swift; sourceTree = "<group>"; };
		6660934620DBE3FC00FCE46A /* ContactViewController.swift */ = {isa = PBXFileReference; lastKnownFileType = sourcecode.swift; path = ContactViewController.swift; sourceTree = "<group>"; };
		6660934820DBE41A00FCE46A /* HistoryViewController.swift */ = {isa = PBXFileReference; lastKnownFileType = sourcecode.swift; path = HistoryViewController.swift; sourceTree = "<group>"; };
		6660934A20DBE43A00FCE46A /* History.storyboard */ = {isa = PBXFileReference; lastKnownFileType = file.storyboard; path = History.storyboard; sourceTree = "<group>"; };
		6660934C20DBE44D00FCE46A /* Contact.storyboard */ = {isa = PBXFileReference; lastKnownFileType = file.storyboard; path = Contact.storyboard; sourceTree = "<group>"; };
		6660934E20DBE47500FCE46A /* AdoptionsTableViewCell.swift */ = {isa = PBXFileReference; lastKnownFileType = sourcecode.swift; path = AdoptionsTableViewCell.swift; sourceTree = "<group>"; };
		6660935220DBE48600FCE46A /* HistoryTableViewCell.swift */ = {isa = PBXFileReference; lastKnownFileType = sourcecode.swift; path = HistoryTableViewCell.swift; sourceTree = "<group>"; };
		6660935320DBE48600FCE46A /* HistoryTableViewCell.xib */ = {isa = PBXFileReference; lastKnownFileType = file.xib; path = HistoryTableViewCell.xib; sourceTree = "<group>"; };
		6660935920DBED3C00FCE46A /* FosterTableViewCell.swift */ = {isa = PBXFileReference; lastKnownFileType = sourcecode.swift; path = FosterTableViewCell.swift; sourceTree = "<group>"; };
		6660935A20DBED3C00FCE46A /* FosterTableViewCell.xib */ = {isa = PBXFileReference; lastKnownFileType = file.xib; path = FosterTableViewCell.xib; sourceTree = "<group>"; };
		6664C0BE20D13E3300BD2363 /* AppointmentsModel.swift */ = {isa = PBXFileReference; lastKnownFileType = sourcecode.swift; path = AppointmentsModel.swift; sourceTree = "<group>"; };
		6664C0C420D1577000BD2363 /* CalendarCollectionReusableView.swift */ = {isa = PBXFileReference; lastKnownFileType = sourcecode.swift; path = CalendarCollectionReusableView.swift; sourceTree = "<group>"; };
		6664C0C520D1577000BD2363 /* CalendarCollectionReusableView.xib */ = {isa = PBXFileReference; lastKnownFileType = file.xib; path = CalendarCollectionReusableView.xib; sourceTree = "<group>"; };
		6664C0C820D1634100BD2363 /* DateExtensions.swift */ = {isa = PBXFileReference; lastKnownFileType = sourcecode.swift; path = DateExtensions.swift; sourceTree = "<group>"; };
		66713E7720DA6D3400E01CA1 /* AppointmentsDetailViewController.swift */ = {isa = PBXFileReference; lastKnownFileType = sourcecode.swift; path = AppointmentsDetailViewController.swift; sourceTree = "<group>"; };
		66729AC82099D1E200486B6F /* RegisterViewController.swift */ = {isa = PBXFileReference; lastKnownFileType = sourcecode.swift; path = RegisterViewController.swift; sourceTree = "<group>"; };
		6675C70820B6E1D1006A089C /* 2015_p16_01_logo_animal_first_ales_colorat-1.jpg */ = {isa = PBXFileReference; lastKnownFileType = image.jpeg; path = "2015_p16_01_logo_animal_first_ales_colorat-1.jpg"; sourceTree = "<group>"; };
		6675C70D20B6E3CB006A089C /* Adoptions.storyboard */ = {isa = PBXFileReference; lastKnownFileType = file.storyboard; path = Adoptions.storyboard; sourceTree = "<group>"; };
		6675C70F20B6E3E1006A089C /* AdoptionsViewController.swift */ = {isa = PBXFileReference; lastKnownFileType = sourcecode.swift; path = AdoptionsViewController.swift; sourceTree = "<group>"; };
		6675C71120B6E400006A089C /* Foster.storyboard */ = {isa = PBXFileReference; lastKnownFileType = file.storyboard; path = Foster.storyboard; sourceTree = "<group>"; };
		6675C71320B6E40E006A089C /* FosterViewController.swift */ = {isa = PBXFileReference; lastKnownFileType = sourcecode.swift; path = FosterViewController.swift; sourceTree = "<group>"; };
		6675C71520B6E423006A089C /* Appointments.storyboard */ = {isa = PBXFileReference; lastKnownFileType = file.storyboard; path = Appointments.storyboard; sourceTree = "<group>"; };
		6675C71720B6E438006A089C /* AppointmentsViewController.swift */ = {isa = PBXFileReference; lastKnownFileType = sourcecode.swift; path = AppointmentsViewController.swift; sourceTree = "<group>"; };
		6675C71920B6E6DB006A089C /* UIColorExtensions.swift */ = {isa = PBXFileReference; lastKnownFileType = sourcecode.swift; path = UIColorExtensions.swift; sourceTree = "<group>"; };
		6675C71B20B6E725006A089C /* FirebaseHelpers.swift */ = {isa = PBXFileReference; lastKnownFileType = sourcecode.swift; path = FirebaseHelpers.swift; sourceTree = "<group>"; };
		6675C71D20B6E7CE006A089C /* StoryboardNavigator.swift */ = {isa = PBXFileReference; lastKnownFileType = sourcecode.swift; path = StoryboardNavigator.swift; sourceTree = "<group>"; };
		667A1BF32090733D0058985E /* Admin.storyboard */ = {isa = PBXFileReference; lastKnownFileType = file.storyboard; path = Admin.storyboard; sourceTree = "<group>"; };
		667A1BF5209073660058985E /* AdminViewController.swift */ = {isa = PBXFileReference; lastKnownFileType = sourcecode.swift; path = AdminViewController.swift; sourceTree = "<group>"; };
		667A1BF82090749C0058985E /* LoginViewController.swift */ = {isa = PBXFileReference; lastKnownFileType = sourcecode.swift; path = LoginViewController.swift; sourceTree = "<group>"; };
		66845A3420A06E0F00DF75A7 /* Register.storyboard */ = {isa = PBXFileReference; lastKnownFileType = file.storyboard; path = Register.storyboard; sourceTree = "<group>"; };
		6684A4FB20B2F82700A63546 /* AFConstants.swift */ = {isa = PBXFileReference; lastKnownFileType = sourcecode.swift; path = AFConstants.swift; sourceTree = "<group>"; };
		66962AC820B44F7E00D93AFB /* UserModel.swift */ = {isa = PBXFileReference; lastKnownFileType = sourcecode.swift; path = UserModel.swift; sourceTree = "<group>"; };
		66989E52209C860F007B2C12 /* AFAlert.swift */ = {isa = PBXFileReference; lastKnownFileType = sourcecode.swift; path = AFAlert.swift; sourceTree = "<group>"; };
		66A8FF17208DF54D007BCD48 /* AnimalsFirst.app */ = {isa = PBXFileReference; explicitFileType = wrapper.application; includeInIndex = 0; path = AnimalsFirst.app; sourceTree = BUILT_PRODUCTS_DIR; };
		66A8FF1A208DF54D007BCD48 /* AppDelegate.swift */ = {isa = PBXFileReference; lastKnownFileType = sourcecode.swift; path = AppDelegate.swift; sourceTree = "<group>"; };
		66A8FF1F208DF54D007BCD48 /* Base */ = {isa = PBXFileReference; lastKnownFileType = file.storyboard; name = Base; path = Base.lproj/Login.storyboard; sourceTree = "<group>"; };
		66A8FF22208DF54D007BCD48 /* AnimalsFirst.xcdatamodel */ = {isa = PBXFileReference; lastKnownFileType = wrapper.xcdatamodel; path = AnimalsFirst.xcdatamodel; sourceTree = "<group>"; };
		66A8FF24208DF54F007BCD48 /* Assets.xcassets */ = {isa = PBXFileReference; lastKnownFileType = folder.assetcatalog; path = Assets.xcassets; sourceTree = "<group>"; };
		66A8FF27208DF54F007BCD48 /* Base */ = {isa = PBXFileReference; lastKnownFileType = file.storyboard; name = Base; path = Base.lproj/LaunchScreen.storyboard; sourceTree = "<group>"; };
		66A8FF29208DF54F007BCD48 /* Info.plist */ = {isa = PBXFileReference; lastKnownFileType = text.plist.xml; path = Info.plist; sourceTree = "<group>"; };
		66A8FF2E208DF54F007BCD48 /* AnimalsFirstTests.xctest */ = {isa = PBXFileReference; explicitFileType = wrapper.cfbundle; includeInIndex = 0; path = AnimalsFirstTests.xctest; sourceTree = BUILT_PRODUCTS_DIR; };
		66A8FF32208DF54F007BCD48 /* AnimalsFirstTests.swift */ = {isa = PBXFileReference; lastKnownFileType = sourcecode.swift; path = AnimalsFirstTests.swift; sourceTree = "<group>"; };
		66A8FF34208DF54F007BCD48 /* Info.plist */ = {isa = PBXFileReference; lastKnownFileType = text.plist.xml; path = Info.plist; sourceTree = "<group>"; };
		66A8FF3D208DF5BC007BCD48 /* ClientViewController.swift */ = {isa = PBXFileReference; lastKnownFileType = sourcecode.swift; path = ClientViewController.swift; sourceTree = "<group>"; };
		66A8FF3F208DF5D6007BCD48 /* DoctorViewController.swift */ = {isa = PBXFileReference; lastKnownFileType = sourcecode.swift; path = DoctorViewController.swift; sourceTree = "<group>"; };
		66A8FF41208DF696007BCD48 /* Client.storyboard */ = {isa = PBXFileReference; lastKnownFileType = file.storyboard; path = Client.storyboard; sourceTree = "<group>"; };
		66A8FF43208DF6A4007BCD48 /* Doctor.storyboard */ = {isa = PBXFileReference; lastKnownFileType = file.storyboard; path = Doctor.storyboard; sourceTree = "<group>"; };
		66A8FF4A208DFC14007BCD48 /* download.png */ = {isa = PBXFileReference; lastKnownFileType = image.png; path = download.png; sourceTree = "<group>"; };
		66A8FF4B208DFC14007BCD48 /* lock-open-blue.png */ = {isa = PBXFileReference; lastKnownFileType = image.png; path = "lock-open-blue.png"; sourceTree = "<group>"; };
		66A8FF53208E029A007BCD48 /* GoogleService-Info.plist */ = {isa = PBXFileReference; fileEncoding = 4; lastKnownFileType = text.plist.xml; name = "GoogleService-Info.plist"; path = "AnimalsFirst/GoogleService-Info.plist"; sourceTree = SOURCE_ROOT; };
		8449021CD6185B694A7C9582 /* Pods_AnimalsFirst.framework */ = {isa = PBXFileReference; explicitFileType = wrapper.framework; includeInIndex = 0; path = Pods_AnimalsFirst.framework; sourceTree = BUILT_PRODUCTS_DIR; };
		94E4BB5E4CA45F7E93963227 /* Pods-AnimalsFirstTests.release.xcconfig */ = {isa = PBXFileReference; includeInIndex = 1; lastKnownFileType = text.xcconfig; name = "Pods-AnimalsFirstTests.release.xcconfig"; path = "Pods/Target Support Files/Pods-AnimalsFirstTests/Pods-AnimalsFirstTests.release.xcconfig"; sourceTree = "<group>"; };
		C4150132947E1B57974172A6 /* Pods-AnimalsFirst.debug.xcconfig */ = {isa = PBXFileReference; includeInIndex = 1; lastKnownFileType = text.xcconfig; name = "Pods-AnimalsFirst.debug.xcconfig"; path = "Pods/Target Support Files/Pods-AnimalsFirst/Pods-AnimalsFirst.debug.xcconfig"; sourceTree = "<group>"; };
		F90CA663B59B846CB6C277D5 /* Pods-AnimalsFirstTests.debug.xcconfig */ = {isa = PBXFileReference; includeInIndex = 1; lastKnownFileType = text.xcconfig; name = "Pods-AnimalsFirstTests.debug.xcconfig"; path = "Pods/Target Support Files/Pods-AnimalsFirstTests/Pods-AnimalsFirstTests.debug.xcconfig"; sourceTree = "<group>"; };
/* End PBXFileReference section */

/* Begin PBXFrameworksBuildPhase section */
		66A8FF14208DF54D007BCD48 /* Frameworks */ = {
			isa = PBXFrameworksBuildPhase;
			buildActionMask = 2147483647;
			files = (
				7C9E25D3D3E12B0C5D8877F3 /* Pods_AnimalsFirst.framework in Frameworks */,
			);
			runOnlyForDeploymentPostprocessing = 0;
		};
		66A8FF2B208DF54F007BCD48 /* Frameworks */ = {
			isa = PBXFrameworksBuildPhase;
			buildActionMask = 2147483647;
			files = (
				44830BB49F14AC1205FB9FEF /* Pods_AnimalsFirstTests.framework in Frameworks */,
			);
			runOnlyForDeploymentPostprocessing = 0;
		};
/* End PBXFrameworksBuildPhase section */

/* Begin PBXGroup section */
		2A5E182120D067D8000F5E97 /* Xibs */ = {
			isa = PBXGroup;
			children = (
				2A5E182220D0682C000F5E97 /* CalendarCollectionViewCell.xib */,
				2A5E182420D068E9000F5E97 /* CalendarCollectionViewCell.swift */,
				6664C0C420D1577000BD2363 /* CalendarCollectionReusableView.swift */,
				6664C0C520D1577000BD2363 /* CalendarCollectionReusableView.xib */,
			);
			path = Xibs;
			sourceTree = "<group>";
		};
		36D36FA6AB74DF5847C86278 /* Pods */ = {
			isa = PBXGroup;
			children = (
				C4150132947E1B57974172A6 /* Pods-AnimalsFirst.debug.xcconfig */,
				39A2FF48D3409067064CCF87 /* Pods-AnimalsFirst.release.xcconfig */,
				F90CA663B59B846CB6C277D5 /* Pods-AnimalsFirstTests.debug.xcconfig */,
				94E4BB5E4CA45F7E93963227 /* Pods-AnimalsFirstTests.release.xcconfig */,
			);
			name = Pods;
			sourceTree = "<group>";
		};
		6615C6BC20A9C64000141F2D /* Extensions */ = {
			isa = PBXGroup;
			children = (
				6615C6BD20A9C66A00141F2D /* UIViewControllerExtensions.swift */,
				6615C6BF20A9C67900141F2D /* StoryboardExtensions.swift */,
				6615C6C120A9C8B800141F2D /* UILabel+UITextFieldExtensions.swift */,
				6675C71920B6E6DB006A089C /* UIColorExtensions.swift */,
				6664C0C820D1634100BD2363 /* DateExtensions.swift */,
			);
			path = Extensions;
			sourceTree = "<group>";
		};
		661A78C620B58DE5002DAB60 /* Xibs */ = {
			isa = PBXGroup;
			children = (
				661A78C720B59995002DAB60 /* ClientCollectionViewCell.xib */,
				661A78C920B599FE002DAB60 /* ClientCollectionViewCell.swift */,
			);
			path = Xibs;
			sourceTree = "<group>";
		};
		6660934220DBE3C000FCE46A /* History */ = {
			isa = PBXGroup;
			children = (
				6660934A20DBE43A00FCE46A /* History.storyboard */,
				6660934820DBE41A00FCE46A /* HistoryViewController.swift */,
				6660934420DBE3D600FCE46A /* Xibs */,
			);
			path = History;
			sourceTree = "<group>";
		};
		6660934320DBE3CA00FCE46A /* Contact */ = {
			isa = PBXGroup;
			children = (
				6660934620DBE3FC00FCE46A /* ContactViewController.swift */,
				6660934C20DBE44D00FCE46A /* Contact.storyboard */,
			);
			path = Contact;
			sourceTree = "<group>";
		};
		6660934420DBE3D600FCE46A /* Xibs */ = {
			isa = PBXGroup;
			children = (
				6660935220DBE48600FCE46A /* HistoryTableViewCell.swift */,
				6660935320DBE48600FCE46A /* HistoryTableViewCell.xib */,
			);
			path = Xibs;
			sourceTree = "<group>";
		};
		6660934520DBE3DF00FCE46A /* Xibs */ = {
			isa = PBXGroup;
			children = (
				6660934E20DBE47500FCE46A /* AdoptionsTableViewCell.swift */,
			);
			path = Xibs;
			sourceTree = "<group>";
		};
		6660935820DBED2900FCE46A /* Xibs */ = {
			isa = PBXGroup;
			children = (
				6660935920DBED3C00FCE46A /* FosterTableViewCell.swift */,
				6660935A20DBED3C00FCE46A /* FosterTableViewCell.xib */,
			);
			path = Xibs;
			sourceTree = "<group>";
		};
		6675C70020B6E065006A089C /* App Sections */ = {
			isa = PBXGroup;
			children = (
				6660934320DBE3CA00FCE46A /* Contact */,
				6660934220DBE3C000FCE46A /* History */,
				6675C70C20B6E3B6006A089C /* Adoptions */,
				6675C70B20B6E3AC006A089C /* Foster */,
				6675C70A20B6E3A0006A089C /* Appointments */,
				6675C70520B6E0EE006A089C /* Register */,
				6675C70420B6E0CD006A089C /* Admin */,
				6675C70320B6E0BE006A089C /* Doctor */,
				6675C70220B6E09B006A089C /* Login */,
				6675C70120B6E070006A089C /* Client */,
			);
			path = "App Sections";
			sourceTree = "<group>";
		};
		6675C70120B6E070006A089C /* Client */ = {
			isa = PBXGroup;
			children = (
				66A8FF41208DF696007BCD48 /* Client.storyboard */,
				66A8FF3D208DF5BC007BCD48 /* ClientViewController.swift */,
				661A78C620B58DE5002DAB60 /* Xibs */,
			);
			path = Client;
			sourceTree = "<group>";
		};
		6675C70220B6E09B006A089C /* Login */ = {
			isa = PBXGroup;
			children = (
				667A1BF82090749C0058985E /* LoginViewController.swift */,
				66A8FF1E208DF54D007BCD48 /* Login.storyboard */,
			);
			path = Login;
			sourceTree = "<group>";
		};
		6675C70320B6E0BE006A089C /* Doctor */ = {
			isa = PBXGroup;
			children = (
				66A8FF43208DF6A4007BCD48 /* Doctor.storyboard */,
				66A8FF3F208DF5D6007BCD48 /* DoctorViewController.swift */,
			);
			path = Doctor;
			sourceTree = "<group>";
		};
		6675C70420B6E0CD006A089C /* Admin */ = {
			isa = PBXGroup;
			children = (
				667A1BF32090733D0058985E /* Admin.storyboard */,
				667A1BF5209073660058985E /* AdminViewController.swift */,
			);
			path = Admin;
			sourceTree = "<group>";
		};
		6675C70520B6E0EE006A089C /* Register */ = {
			isa = PBXGroup;
			children = (
				66729AC82099D1E200486B6F /* RegisterViewController.swift */,
				66845A3420A06E0F00DF75A7 /* Register.storyboard */,
			);
			path = Register;
			sourceTree = "<group>";
		};
		6675C70720B6E127006A089C /* Resources */ = {
			isa = PBXGroup;
			children = (
				66A8FF24208DF54F007BCD48 /* Assets.xcassets */,
				66A8FF4A208DFC14007BCD48 /* download.png */,
				66A8FF4B208DFC14007BCD48 /* lock-open-blue.png */,
				6675C70820B6E1D1006A089C /* 2015_p16_01_logo_animal_first_ales_colorat-1.jpg */,
				66A8FF26208DF54F007BCD48 /* LaunchScreen.storyboard */,
			);
			path = Resources;
			sourceTree = "<group>";
		};
		6675C70A20B6E3A0006A089C /* Appointments */ = {
			isa = PBXGroup;
			children = (
				2A5E182120D067D8000F5E97 /* Xibs */,
				6675C71520B6E423006A089C /* Appointments.storyboard */,
				66713E7720DA6D3400E01CA1 /* AppointmentsDetailViewController.swift */,
				6675C71720B6E438006A089C /* AppointmentsViewController.swift */,
			);
			path = Appointments;
			sourceTree = "<group>";
		};
		6675C70B20B6E3AC006A089C /* Foster */ = {
			isa = PBXGroup;
			children = (
				6675C71120B6E400006A089C /* Foster.storyboard */,
				6675C71320B6E40E006A089C /* FosterViewController.swift */,
				6660935820DBED2900FCE46A /* Xibs */,
			);
			path = Foster;
			sourceTree = "<group>";
		};
		6675C70C20B6E3B6006A089C /* Adoptions */ = {
			isa = PBXGroup;
			children = (
				6675C70D20B6E3CB006A089C /* Adoptions.storyboard */,
				6675C70F20B6E3E1006A089C /* AdoptionsViewController.swift */,
				6660934520DBE3DF00FCE46A /* Xibs */,
			);
			path = Adoptions;
			sourceTree = "<group>";
		};
		66962AC720B44F6C00D93AFB /* Models */ = {
			isa = PBXGroup;
			children = (
				66962AC820B44F7E00D93AFB /* UserModel.swift */,
				6664C0BE20D13E3300BD2363 /* AppointmentsModel.swift */,
				2A1AAF5220D301FE00C6D573 /* AFDateModel.swift */,
			);
			path = Models;
			sourceTree = "<group>";
		};
		66989E51209C85EE007B2C12 /* Utils */ = {
			isa = PBXGroup;
			children = (
				6675C71D20B6E7CE006A089C /* StoryboardNavigator.swift */,
				6675C71B20B6E725006A089C /* FirebaseHelpers.swift */,
				66989E52209C860F007B2C12 /* AFAlert.swift */,
				6684A4FB20B2F82700A63546 /* AFConstants.swift */,
			);
			path = Utils;
			sourceTree = "<group>";
		};
		66A8FF0E208DF54D007BCD48 = {
			isa = PBXGroup;
			children = (
				6675C70720B6E127006A089C /* Resources */,
				66A8FF19208DF54D007BCD48 /* AnimalsFirst */,
				66A8FF31208DF54F007BCD48 /* AnimalsFirstTests */,
				66A8FF18208DF54D007BCD48 /* Products */,
				36D36FA6AB74DF5847C86278 /* Pods */,
				816328EC956EAD36CAE9B390 /* Frameworks */,
			);
			sourceTree = "<group>";
		};
		66A8FF18208DF54D007BCD48 /* Products */ = {
			isa = PBXGroup;
			children = (
				66A8FF17208DF54D007BCD48 /* AnimalsFirst.app */,
				66A8FF2E208DF54F007BCD48 /* AnimalsFirstTests.xctest */,
			);
			name = Products;
			sourceTree = "<group>";
		};
		66A8FF19208DF54D007BCD48 /* AnimalsFirst */ = {
			isa = PBXGroup;
			children = (
				6675C70020B6E065006A089C /* App Sections */,
				66962AC720B44F6C00D93AFB /* Models */,
				6615C6BC20A9C64000141F2D /* Extensions */,
				66989E51209C85EE007B2C12 /* Utils */,
				66A8FF1A208DF54D007BCD48 /* AppDelegate.swift */,
				66A8FF29208DF54F007BCD48 /* Info.plist */,
				66A8FF53208E029A007BCD48 /* GoogleService-Info.plist */,
				66A8FF21208DF54D007BCD48 /* AnimalsFirst.xcdatamodeld */,
			);
			path = AnimalsFirst;
			sourceTree = "<group>";
		};
		66A8FF31208DF54F007BCD48 /* AnimalsFirstTests */ = {
			isa = PBXGroup;
			children = (
				66A8FF32208DF54F007BCD48 /* AnimalsFirstTests.swift */,
				66A8FF34208DF54F007BCD48 /* Info.plist */,
			);
			path = AnimalsFirstTests;
			sourceTree = "<group>";
		};
		816328EC956EAD36CAE9B390 /* Frameworks */ = {
			isa = PBXGroup;
			children = (
				8449021CD6185B694A7C9582 /* Pods_AnimalsFirst.framework */,
				3343187B46EF49087C4A0677 /* Pods_AnimalsFirstTests.framework */,
			);
			name = Frameworks;
			sourceTree = "<group>";
		};
/* End PBXGroup section */

/* Begin PBXNativeTarget section */
		66A8FF16208DF54D007BCD48 /* AnimalsFirst */ = {
			isa = PBXNativeTarget;
			buildConfigurationList = 66A8FF37208DF54F007BCD48 /* Build configuration list for PBXNativeTarget "AnimalsFirst" */;
			buildPhases = (
				97951932D296DB3A57EA7904 /* [CP] Check Pods Manifest.lock */,
				66A8FF13208DF54D007BCD48 /* Sources */,
				66A8FF14208DF54D007BCD48 /* Frameworks */,
				66A8FF15208DF54D007BCD48 /* Resources */,
				51D16D7CB69850346EDCDE59 /* [CP] Embed Pods Frameworks */,
			);
			buildRules = (
			);
			dependencies = (
			);
			name = AnimalsFirst;
			productName = AnimalsFirst;
			productReference = 66A8FF17208DF54D007BCD48 /* AnimalsFirst.app */;
			productType = "com.apple.product-type.application";
		};
		66A8FF2D208DF54F007BCD48 /* AnimalsFirstTests */ = {
			isa = PBXNativeTarget;
			buildConfigurationList = 66A8FF3A208DF54F007BCD48 /* Build configuration list for PBXNativeTarget "AnimalsFirstTests" */;
			buildPhases = (
				A0B29F265CE336FE387D2E87 /* [CP] Check Pods Manifest.lock */,
				66A8FF2A208DF54F007BCD48 /* Sources */,
				66A8FF2B208DF54F007BCD48 /* Frameworks */,
				66A8FF2C208DF54F007BCD48 /* Resources */,
				993F82FC1ADD8518FE44F91C /* [CP] Embed Pods Frameworks */,
			);
			buildRules = (
			);
			dependencies = (
				66A8FF30208DF54F007BCD48 /* PBXTargetDependency */,
			);
			name = AnimalsFirstTests;
			productName = AnimalsFirstTests;
			productReference = 66A8FF2E208DF54F007BCD48 /* AnimalsFirstTests.xctest */;
			productType = "com.apple.product-type.bundle.unit-test";
		};
/* End PBXNativeTarget section */

/* Begin PBXProject section */
		66A8FF0F208DF54D007BCD48 /* Project object */ = {
			isa = PBXProject;
			attributes = {
				LastSwiftUpdateCheck = 0930;
				LastUpgradeCheck = 0930;
				ORGANIZATIONNAME = "Irina Tari";
				TargetAttributes = {
					66A8FF16208DF54D007BCD48 = {
						CreatedOnToolsVersion = 9.3;
					};
					66A8FF2D208DF54F007BCD48 = {
						CreatedOnToolsVersion = 9.3;
						TestTargetID = 66A8FF16208DF54D007BCD48;
					};
				};
			};
			buildConfigurationList = 66A8FF12208DF54D007BCD48 /* Build configuration list for PBXProject "AnimalsFirst" */;
			compatibilityVersion = "Xcode 9.3";
			developmentRegion = en;
			hasScannedForEncodings = 0;
			knownRegions = (
				en,
				Base,
			);
			mainGroup = 66A8FF0E208DF54D007BCD48;
			productRefGroup = 66A8FF18208DF54D007BCD48 /* Products */;
			projectDirPath = "";
			projectRoot = "";
			targets = (
				66A8FF16208DF54D007BCD48 /* AnimalsFirst */,
				66A8FF2D208DF54F007BCD48 /* AnimalsFirstTests */,
			);
		};
/* End PBXProject section */

/* Begin PBXResourcesBuildPhase section */
		66A8FF15208DF54D007BCD48 /* Resources */ = {
			isa = PBXResourcesBuildPhase;
			buildActionMask = 2147483647;
			files = (
				2A5E182320D0682C000F5E97 /* CalendarCollectionViewCell.xib in Resources */,
				6675C70E20B6E3CB006A089C /* Adoptions.storyboard in Resources */,
				66A8FF28208DF54F007BCD48 /* LaunchScreen.storyboard in Resources */,
				66A8FF25208DF54F007BCD48 /* Assets.xcassets in Resources */,
				6660934D20DBE44D00FCE46A /* Contact.storyboard in Resources */,
				6675C70920B6E1D1006A089C /* 2015_p16_01_logo_animal_first_ales_colorat-1.jpg in Resources */,
				6664C0C720D1577000BD2363 /* CalendarCollectionReusableView.xib in Resources */,
				66A8FF20208DF54D007BCD48 /* Login.storyboard in Resources */,
				6675C71220B6E400006A089C /* Foster.storyboard in Resources */,
				66A8FF44208DF6A4007BCD48 /* Doctor.storyboard in Resources */,
				66A8FF4D208DFC14007BCD48 /* lock-open-blue.png in Resources */,
				66A8FF54208E029A007BCD48 /* GoogleService-Info.plist in Resources */,
				667A1BF42090733D0058985E /* Admin.storyboard in Resources */,
				661A78C820B59995002DAB60 /* ClientCollectionViewCell.xib in Resources */,
				66A8FF42208DF696007BCD48 /* Client.storyboard in Resources */,
				6660935C20DBED3C00FCE46A /* FosterTableViewCell.xib in Resources */,
				66A8FF4C208DFC14007BCD48 /* download.png in Resources */,
				66845A3520A06E0F00DF75A7 /* Register.storyboard in Resources */,
				6675C71620B6E423006A089C /* Appointments.storyboard in Resources */,
				6660935520DBE48600FCE46A /* HistoryTableViewCell.xib in Resources */,
				6660934B20DBE43A00FCE46A /* History.storyboard in Resources */,
			);
			runOnlyForDeploymentPostprocessing = 0;
		};
		66A8FF2C208DF54F007BCD48 /* Resources */ = {
			isa = PBXResourcesBuildPhase;
			buildActionMask = 2147483647;
			files = (
				66A8FF55208E029A007BCD48 /* GoogleService-Info.plist in Resources */,
			);
			runOnlyForDeploymentPostprocessing = 0;
		};
/* End PBXResourcesBuildPhase section */

/* Begin PBXShellScriptBuildPhase section */
		51D16D7CB69850346EDCDE59 /* [CP] Embed Pods Frameworks */ = {
			isa = PBXShellScriptBuildPhase;
			buildActionMask = 2147483647;
			files = (
			);
			inputPaths = (
				"${SRCROOT}/Pods/Target Support Files/Pods-AnimalsFirst/Pods-AnimalsFirst-frameworks.sh",
				"${BUILT_PRODUCTS_DIR}/Bolts/Bolts.framework",
				"${BUILT_PRODUCTS_DIR}/FBSDKCoreKit/FBSDKCoreKit.framework",
				"${BUILT_PRODUCTS_DIR}/FBSDKLoginKit/FBSDKLoginKit.framework",
				"${BUILT_PRODUCTS_DIR}/GTMSessionFetcher/GTMSessionFetcher.framework",
				"${BUILT_PRODUCTS_DIR}/GoogleToolboxForMac/GoogleToolboxForMac.framework",
				"${BUILT_PRODUCTS_DIR}/leveldb-library/leveldb.framework",
				"${BUILT_PRODUCTS_DIR}/nanopb/nanopb.framework",
			);
			name = "[CP] Embed Pods Frameworks";
			outputPaths = (
				"${TARGET_BUILD_DIR}/${FRAMEWORKS_FOLDER_PATH}/Bolts.framework",
				"${TARGET_BUILD_DIR}/${FRAMEWORKS_FOLDER_PATH}/FBSDKCoreKit.framework",
				"${TARGET_BUILD_DIR}/${FRAMEWORKS_FOLDER_PATH}/FBSDKLoginKit.framework",
				"${TARGET_BUILD_DIR}/${FRAMEWORKS_FOLDER_PATH}/GTMSessionFetcher.framework",
				"${TARGET_BUILD_DIR}/${FRAMEWORKS_FOLDER_PATH}/GoogleToolboxForMac.framework",
				"${TARGET_BUILD_DIR}/${FRAMEWORKS_FOLDER_PATH}/leveldb.framework",
				"${TARGET_BUILD_DIR}/${FRAMEWORKS_FOLDER_PATH}/nanopb.framework",
			);
			runOnlyForDeploymentPostprocessing = 0;
			shellPath = /bin/sh;
			shellScript = "\"${SRCROOT}/Pods/Target Support Files/Pods-AnimalsFirst/Pods-AnimalsFirst-frameworks.sh\"\n";
			showEnvVarsInLog = 0;
		};
		97951932D296DB3A57EA7904 /* [CP] Check Pods Manifest.lock */ = {
			isa = PBXShellScriptBuildPhase;
			buildActionMask = 2147483647;
			files = (
			);
			inputPaths = (
				"${PODS_PODFILE_DIR_PATH}/Podfile.lock",
				"${PODS_ROOT}/Manifest.lock",
			);
			name = "[CP] Check Pods Manifest.lock";
			outputPaths = (
				"$(DERIVED_FILE_DIR)/Pods-AnimalsFirst-checkManifestLockResult.txt",
			);
			runOnlyForDeploymentPostprocessing = 0;
			shellPath = /bin/sh;
			shellScript = "diff \"${PODS_PODFILE_DIR_PATH}/Podfile.lock\" \"${PODS_ROOT}/Manifest.lock\" > /dev/null\nif [ $? != 0 ] ; then\n    # print error to STDERR\n    echo \"error: The sandbox is not in sync with the Podfile.lock. Run 'pod install' or update your CocoaPods installation.\" >&2\n    exit 1\nfi\n# This output is used by Xcode 'outputs' to avoid re-running this script phase.\necho \"SUCCESS\" > \"${SCRIPT_OUTPUT_FILE_0}\"\n";
			showEnvVarsInLog = 0;
		};
		993F82FC1ADD8518FE44F91C /* [CP] Embed Pods Frameworks */ = {
			isa = PBXShellScriptBuildPhase;
			buildActionMask = 2147483647;
			files = (
			);
			inputPaths = (
				"${SRCROOT}/Pods/Target Support Files/Pods-AnimalsFirstTests/Pods-AnimalsFirstTests-frameworks.sh",
				"${BUILT_PRODUCTS_DIR}/Bolts/Bolts.framework",
				"${BUILT_PRODUCTS_DIR}/FBSDKCoreKit/FBSDKCoreKit.framework",
				"${BUILT_PRODUCTS_DIR}/FBSDKLoginKit/FBSDKLoginKit.framework",
				"${BUILT_PRODUCTS_DIR}/GTMSessionFetcher/GTMSessionFetcher.framework",
				"${BUILT_PRODUCTS_DIR}/GoogleToolboxForMac/GoogleToolboxForMac.framework",
				"${BUILT_PRODUCTS_DIR}/leveldb-library/leveldb.framework",
				"${BUILT_PRODUCTS_DIR}/nanopb/nanopb.framework",
			);
			name = "[CP] Embed Pods Frameworks";
			outputPaths = (
				"${TARGET_BUILD_DIR}/${FRAMEWORKS_FOLDER_PATH}/Bolts.framework",
				"${TARGET_BUILD_DIR}/${FRAMEWORKS_FOLDER_PATH}/FBSDKCoreKit.framework",
				"${TARGET_BUILD_DIR}/${FRAMEWORKS_FOLDER_PATH}/FBSDKLoginKit.framework",
				"${TARGET_BUILD_DIR}/${FRAMEWORKS_FOLDER_PATH}/GTMSessionFetcher.framework",
				"${TARGET_BUILD_DIR}/${FRAMEWORKS_FOLDER_PATH}/GoogleToolboxForMac.framework",
				"${TARGET_BUILD_DIR}/${FRAMEWORKS_FOLDER_PATH}/leveldb.framework",
				"${TARGET_BUILD_DIR}/${FRAMEWORKS_FOLDER_PATH}/nanopb.framework",
			);
			runOnlyForDeploymentPostprocessing = 0;
			shellPath = /bin/sh;
			shellScript = "\"${SRCROOT}/Pods/Target Support Files/Pods-AnimalsFirstTests/Pods-AnimalsFirstTests-frameworks.sh\"\n";
			showEnvVarsInLog = 0;
		};
		A0B29F265CE336FE387D2E87 /* [CP] Check Pods Manifest.lock */ = {
			isa = PBXShellScriptBuildPhase;
			buildActionMask = 2147483647;
			files = (
			);
			inputPaths = (
				"${PODS_PODFILE_DIR_PATH}/Podfile.lock",
				"${PODS_ROOT}/Manifest.lock",
			);
			name = "[CP] Check Pods Manifest.lock";
			outputPaths = (
				"$(DERIVED_FILE_DIR)/Pods-AnimalsFirstTests-checkManifestLockResult.txt",
			);
			runOnlyForDeploymentPostprocessing = 0;
			shellPath = /bin/sh;
			shellScript = "diff \"${PODS_PODFILE_DIR_PATH}/Podfile.lock\" \"${PODS_ROOT}/Manifest.lock\" > /dev/null\nif [ $? != 0 ] ; then\n    # print error to STDERR\n    echo \"error: The sandbox is not in sync with the Podfile.lock. Run 'pod install' or update your CocoaPods installation.\" >&2\n    exit 1\nfi\n# This output is used by Xcode 'outputs' to avoid re-running this script phase.\necho \"SUCCESS\" > \"${SCRIPT_OUTPUT_FILE_0}\"\n";
			showEnvVarsInLog = 0;
		};
/* End PBXShellScriptBuildPhase section */

/* Begin PBXSourcesBuildPhase section */
		66A8FF13208DF54D007BCD48 /* Sources */ = {
			isa = PBXSourcesBuildPhase;
			buildActionMask = 2147483647;
			files = (
				667A1BF92090749C0058985E /* LoginViewController.swift in Sources */,
				6615C6C220A9C8B800141F2D /* UILabel+UITextFieldExtensions.swift in Sources */,
				6660935B20DBED3C00FCE46A /* FosterTableViewCell.swift in Sources */,
				2A1AAF5320D301FE00C6D573 /* AFDateModel.swift in Sources */,
				667A1BF6209073660058985E /* AdminViewController.swift in Sources */,
				6664C0BF20D13E3300BD2363 /* AppointmentsModel.swift in Sources */,
				6660934720DBE3FC00FCE46A /* ContactViewController.swift in Sources */,
				66729AC92099D1E200486B6F /* RegisterViewController.swift in Sources */,
				6664C0C920D1634100BD2363 /* DateExtensions.swift in Sources */,
				6684A4FC20B2F82700A63546 /* AFConstants.swift in Sources */,
				66962AC920B44F7E00D93AFB /* UserModel.swift in Sources */,
				66A8FF40208DF5D6007BCD48 /* DoctorViewController.swift in Sources */,
				6675C71420B6E40E006A089C /* FosterViewController.swift in Sources */,
				661A78CA20B599FE002DAB60 /* ClientCollectionViewCell.swift in Sources */,
				6675C71A20B6E6DB006A089C /* UIColorExtensions.swift in Sources */,
				6615C6C020A9C67900141F2D /* StoryboardExtensions.swift in Sources */,
				6615C6BE20A9C66A00141F2D /* UIViewControllerExtensions.swift in Sources */,
				66A8FF1B208DF54D007BCD48 /* AppDelegate.swift in Sources */,
				66A8FF23208DF54D007BCD48 /* AnimalsFirst.xcdatamodeld in Sources */,
				6675C71820B6E438006A089C /* AppointmentsViewController.swift in Sources */,
				6660934920DBE41A00FCE46A /* HistoryViewController.swift in Sources */,
				2A5E182520D068E9000F5E97 /* CalendarCollectionViewCell.swift in Sources */,
				6664C0C620D1577000BD2363 /* CalendarCollectionReusableView.swift in Sources */,
				66A8FF3E208DF5BC007BCD48 /* ClientViewController.swift in Sources */,
				6675C71E20B6E7CE006A089C /* StoryboardNavigator.swift in Sources */,
				6660935420DBE48600FCE46A /* HistoryTableViewCell.swift in Sources */,
				6675C71C20B6E725006A089C /* FirebaseHelpers.swift in Sources */,
				66713E7820DA6D3400E01CA1 /* AppointmentsDetailViewController.swift in Sources */,
				66989E53209C860F007B2C12 /* AFAlert.swift in Sources */,
				6675C71020B6E3E1006A089C /* AdoptionsViewController.swift in Sources */,
				6660935020DBE47500FCE46A /* AdoptionsTableViewCell.swift in Sources */,
			);
			runOnlyForDeploymentPostprocessing = 0;
		};
		66A8FF2A208DF54F007BCD48 /* Sources */ = {
			isa = PBXSourcesBuildPhase;
			buildActionMask = 2147483647;
			files = (
				66A8FF33208DF54F007BCD48 /* AnimalsFirstTests.swift in Sources */,
			);
			runOnlyForDeploymentPostprocessing = 0;
		};
/* End PBXSourcesBuildPhase section */

/* Begin PBXTargetDependency section */
		66A8FF30208DF54F007BCD48 /* PBXTargetDependency */ = {
			isa = PBXTargetDependency;
			target = 66A8FF16208DF54D007BCD48 /* AnimalsFirst */;
			targetProxy = 66A8FF2F208DF54F007BCD48 /* PBXContainerItemProxy */;
		};
/* End PBXTargetDependency section */

/* Begin PBXVariantGroup section */
		66A8FF1E208DF54D007BCD48 /* Login.storyboard */ = {
			isa = PBXVariantGroup;
			children = (
				66A8FF1F208DF54D007BCD48 /* Base */,
			);
			name = Login.storyboard;
			sourceTree = "<group>";
		};
		66A8FF26208DF54F007BCD48 /* LaunchScreen.storyboard */ = {
			isa = PBXVariantGroup;
			children = (
				66A8FF27208DF54F007BCD48 /* Base */,
			);
			name = LaunchScreen.storyboard;
			sourceTree = "<group>";
		};
/* End PBXVariantGroup section */

/* Begin XCBuildConfiguration section */
		66A8FF35208DF54F007BCD48 /* Debug */ = {
			isa = XCBuildConfiguration;
			buildSettings = {
				ALWAYS_EMBED_SWIFT_STANDARD_LIBRARIES = YES;
				ALWAYS_SEARCH_USER_PATHS = NO;
				CLANG_ANALYZER_NONNULL = YES;
				CLANG_ANALYZER_NUMBER_OBJECT_CONVERSION = YES_AGGRESSIVE;
				CLANG_CXX_LANGUAGE_STANDARD = "gnu++14";
				CLANG_CXX_LIBRARY = "libc++";
				CLANG_ENABLE_MODULES = YES;
				CLANG_ENABLE_OBJC_ARC = YES;
				CLANG_ENABLE_OBJC_WEAK = YES;
				CLANG_WARN_BLOCK_CAPTURE_AUTORELEASING = YES;
				CLANG_WARN_BOOL_CONVERSION = YES;
				CLANG_WARN_COMMA = YES;
				CLANG_WARN_CONSTANT_CONVERSION = YES;
				CLANG_WARN_DEPRECATED_OBJC_IMPLEMENTATIONS = YES;
				CLANG_WARN_DIRECT_OBJC_ISA_USAGE = YES_ERROR;
				CLANG_WARN_DOCUMENTATION_COMMENTS = YES;
				CLANG_WARN_EMPTY_BODY = YES;
				CLANG_WARN_ENUM_CONVERSION = YES;
				CLANG_WARN_INFINITE_RECURSION = YES;
				CLANG_WARN_INT_CONVERSION = YES;
				CLANG_WARN_NON_LITERAL_NULL_CONVERSION = YES;
				CLANG_WARN_OBJC_IMPLICIT_RETAIN_SELF = YES;
				CLANG_WARN_OBJC_LITERAL_CONVERSION = YES;
				CLANG_WARN_OBJC_ROOT_CLASS = YES_ERROR;
				CLANG_WARN_RANGE_LOOP_ANALYSIS = YES;
				CLANG_WARN_STRICT_PROTOTYPES = YES;
				CLANG_WARN_SUSPICIOUS_MOVE = YES;
				CLANG_WARN_UNGUARDED_AVAILABILITY = YES_AGGRESSIVE;
				CLANG_WARN_UNREACHABLE_CODE = YES;
				CLANG_WARN__DUPLICATE_METHOD_MATCH = YES;
				CODE_SIGN_IDENTITY = "iPhone Developer";
				COPY_PHASE_STRIP = NO;
				DEBUG_INFORMATION_FORMAT = dwarf;
				ENABLE_STRICT_OBJC_MSGSEND = YES;
				ENABLE_TESTABILITY = YES;
				GCC_C_LANGUAGE_STANDARD = gnu11;
				GCC_DYNAMIC_NO_PIC = NO;
				GCC_NO_COMMON_BLOCKS = YES;
				GCC_OPTIMIZATION_LEVEL = 0;
				GCC_PREPROCESSOR_DEFINITIONS = (
					"DEBUG=1",
					"$(inherited)",
				);
				GCC_WARN_64_TO_32_BIT_CONVERSION = YES;
				GCC_WARN_ABOUT_RETURN_TYPE = YES_ERROR;
				GCC_WARN_UNDECLARED_SELECTOR = YES;
				GCC_WARN_UNINITIALIZED_AUTOS = YES_AGGRESSIVE;
				GCC_WARN_UNUSED_FUNCTION = YES;
				GCC_WARN_UNUSED_VARIABLE = YES;
				IPHONEOS_DEPLOYMENT_TARGET = 11.3;
				MTL_ENABLE_DEBUG_INFO = YES;
				ONLY_ACTIVE_ARCH = YES;
				SDKROOT = iphoneos;
				SWIFT_ACTIVE_COMPILATION_CONDITIONS = DEBUG;
				SWIFT_OPTIMIZATION_LEVEL = "-Onone";
			};
			name = Debug;
		};
		66A8FF36208DF54F007BCD48 /* Release */ = {
			isa = XCBuildConfiguration;
			buildSettings = {
				ALWAYS_EMBED_SWIFT_STANDARD_LIBRARIES = YES;
				ALWAYS_SEARCH_USER_PATHS = NO;
				CLANG_ANALYZER_NONNULL = YES;
				CLANG_ANALYZER_NUMBER_OBJECT_CONVERSION = YES_AGGRESSIVE;
				CLANG_CXX_LANGUAGE_STANDARD = "gnu++14";
				CLANG_CXX_LIBRARY = "libc++";
				CLANG_ENABLE_MODULES = YES;
				CLANG_ENABLE_OBJC_ARC = YES;
				CLANG_ENABLE_OBJC_WEAK = YES;
				CLANG_WARN_BLOCK_CAPTURE_AUTORELEASING = YES;
				CLANG_WARN_BOOL_CONVERSION = YES;
				CLANG_WARN_COMMA = YES;
				CLANG_WARN_CONSTANT_CONVERSION = YES;
				CLANG_WARN_DEPRECATED_OBJC_IMPLEMENTATIONS = YES;
				CLANG_WARN_DIRECT_OBJC_ISA_USAGE = YES_ERROR;
				CLANG_WARN_DOCUMENTATION_COMMENTS = YES;
				CLANG_WARN_EMPTY_BODY = YES;
				CLANG_WARN_ENUM_CONVERSION = YES;
				CLANG_WARN_INFINITE_RECURSION = YES;
				CLANG_WARN_INT_CONVERSION = YES;
				CLANG_WARN_NON_LITERAL_NULL_CONVERSION = YES;
				CLANG_WARN_OBJC_IMPLICIT_RETAIN_SELF = YES;
				CLANG_WARN_OBJC_LITERAL_CONVERSION = YES;
				CLANG_WARN_OBJC_ROOT_CLASS = YES_ERROR;
				CLANG_WARN_RANGE_LOOP_ANALYSIS = YES;
				CLANG_WARN_STRICT_PROTOTYPES = YES;
				CLANG_WARN_SUSPICIOUS_MOVE = YES;
				CLANG_WARN_UNGUARDED_AVAILABILITY = YES_AGGRESSIVE;
				CLANG_WARN_UNREACHABLE_CODE = YES;
				CLANG_WARN__DUPLICATE_METHOD_MATCH = YES;
				CODE_SIGN_IDENTITY = "iPhone Developer";
				COPY_PHASE_STRIP = NO;
				DEBUG_INFORMATION_FORMAT = "dwarf-with-dsym";
				ENABLE_NS_ASSERTIONS = NO;
				ENABLE_STRICT_OBJC_MSGSEND = YES;
				GCC_C_LANGUAGE_STANDARD = gnu11;
				GCC_NO_COMMON_BLOCKS = YES;
				GCC_WARN_64_TO_32_BIT_CONVERSION = YES;
				GCC_WARN_ABOUT_RETURN_TYPE = YES_ERROR;
				GCC_WARN_UNDECLARED_SELECTOR = YES;
				GCC_WARN_UNINITIALIZED_AUTOS = YES_AGGRESSIVE;
				GCC_WARN_UNUSED_FUNCTION = YES;
				GCC_WARN_UNUSED_VARIABLE = YES;
				IPHONEOS_DEPLOYMENT_TARGET = 11.3;
				MTL_ENABLE_DEBUG_INFO = NO;
				SDKROOT = iphoneos;
				SWIFT_COMPILATION_MODE = wholemodule;
				SWIFT_OPTIMIZATION_LEVEL = "-O";
				VALIDATE_PRODUCT = YES;
			};
			name = Release;
		};
		66A8FF38208DF54F007BCD48 /* Debug */ = {
			isa = XCBuildConfiguration;
			baseConfigurationReference = C4150132947E1B57974172A6 /* Pods-AnimalsFirst.debug.xcconfig */;
			buildSettings = {
				ASSETCATALOG_COMPILER_APPICON_NAME = AppIcon;
				CODE_SIGN_STYLE = Automatic;
				DEVELOPMENT_TEAM = 8KDVQ75FTL;
				INFOPLIST_FILE = AnimalsFirst/Info.plist;
				LD_RUNPATH_SEARCH_PATHS = (
					"$(inherited)",
					"@executable_path/Frameworks",
				);
				PRODUCT_BUNDLE_IDENTIFIER = af.AnimalsFirst;
				PRODUCT_NAME = "$(TARGET_NAME)";
				SWIFT_VERSION = 4.0;
				TARGETED_DEVICE_FAMILY = "1,2";
			};
			name = Debug;
		};
		66A8FF39208DF54F007BCD48 /* Release */ = {
			isa = XCBuildConfiguration;
			baseConfigurationReference = 39A2FF48D3409067064CCF87 /* Pods-AnimalsFirst.release.xcconfig */;
			buildSettings = {
				ASSETCATALOG_COMPILER_APPICON_NAME = AppIcon;
				CODE_SIGN_STYLE = Automatic;
				DEVELOPMENT_TEAM = 8KDVQ75FTL;
				INFOPLIST_FILE = AnimalsFirst/Info.plist;
				LD_RUNPATH_SEARCH_PATHS = (
					"$(inherited)",
					"@executable_path/Frameworks",
				);
				PRODUCT_BUNDLE_IDENTIFIER = af.AnimalsFirst;
				PRODUCT_NAME = "$(TARGET_NAME)";
				SWIFT_VERSION = 4.0;
				TARGETED_DEVICE_FAMILY = "1,2";
			};
			name = Release;
		};
		66A8FF3B208DF54F007BCD48 /* Debug */ = {
			isa = XCBuildConfiguration;
			baseConfigurationReference = F90CA663B59B846CB6C277D5 /* Pods-AnimalsFirstTests.debug.xcconfig */;
			buildSettings = {
				ALWAYS_EMBED_SWIFT_STANDARD_LIBRARIES = YES;
				BUNDLE_LOADER = "$(TEST_HOST)";
				CODE_SIGN_STYLE = Automatic;
				INFOPLIST_FILE = AnimalsFirstTests/Info.plist;
				LD_RUNPATH_SEARCH_PATHS = (
					"$(inherited)",
					"@executable_path/Frameworks",
					"@loader_path/Frameworks",
				);
				PRODUCT_BUNDLE_IDENTIFIER = af.AnimalsFirstTests;
				PRODUCT_NAME = "$(TARGET_NAME)";
				SWIFT_VERSION = 4.0;
				TARGETED_DEVICE_FAMILY = "1,2";
				TEST_HOST = "$(BUILT_PRODUCTS_DIR)/AnimalsFirst.app/AnimalsFirst";
			};
			name = Debug;
		};
		66A8FF3C208DF54F007BCD48 /* Release */ = {
			isa = XCBuildConfiguration;
			baseConfigurationReference = 94E4BB5E4CA45F7E93963227 /* Pods-AnimalsFirstTests.release.xcconfig */;
			buildSettings = {
				ALWAYS_EMBED_SWIFT_STANDARD_LIBRARIES = YES;
				BUNDLE_LOADER = "$(TEST_HOST)";
				CODE_SIGN_STYLE = Automatic;
				INFOPLIST_FILE = AnimalsFirstTests/Info.plist;
				LD_RUNPATH_SEARCH_PATHS = (
					"$(inherited)",
					"@executable_path/Frameworks",
					"@loader_path/Frameworks",
				);
				PRODUCT_BUNDLE_IDENTIFIER = af.AnimalsFirstTests;
				PRODUCT_NAME = "$(TARGET_NAME)";
				SWIFT_VERSION = 4.0;
				TARGETED_DEVICE_FAMILY = "1,2";
				TEST_HOST = "$(BUILT_PRODUCTS_DIR)/AnimalsFirst.app/AnimalsFirst";
			};
			name = Release;
		};
/* End XCBuildConfiguration section */

/* Begin XCConfigurationList section */
		66A8FF12208DF54D007BCD48 /* Build configuration list for PBXProject "AnimalsFirst" */ = {
			isa = XCConfigurationList;
			buildConfigurations = (
				66A8FF35208DF54F007BCD48 /* Debug */,
				66A8FF36208DF54F007BCD48 /* Release */,
			);
			defaultConfigurationIsVisible = 0;
			defaultConfigurationName = Release;
		};
		66A8FF37208DF54F007BCD48 /* Build configuration list for PBXNativeTarget "AnimalsFirst" */ = {
			isa = XCConfigurationList;
			buildConfigurations = (
				66A8FF38208DF54F007BCD48 /* Debug */,
				66A8FF39208DF54F007BCD48 /* Release */,
			);
			defaultConfigurationIsVisible = 0;
			defaultConfigurationName = Release;
		};
		66A8FF3A208DF54F007BCD48 /* Build configuration list for PBXNativeTarget "AnimalsFirstTests" */ = {
			isa = XCConfigurationList;
			buildConfigurations = (
				66A8FF3B208DF54F007BCD48 /* Debug */,
				66A8FF3C208DF54F007BCD48 /* Release */,
			);
			defaultConfigurationIsVisible = 0;
			defaultConfigurationName = Release;
		};
/* End XCConfigurationList section */

/* Begin XCVersionGroup section */
		66A8FF21208DF54D007BCD48 /* AnimalsFirst.xcdatamodeld */ = {
			isa = XCVersionGroup;
			children = (
				66A8FF22208DF54D007BCD48 /* AnimalsFirst.xcdatamodel */,
			);
			currentVersion = 66A8FF22208DF54D007BCD48 /* AnimalsFirst.xcdatamodel */;
			path = AnimalsFirst.xcdatamodeld;
			sourceTree = "<group>";
			versionGroupType = wrapper.xcdatamodel;
		};
/* End XCVersionGroup section */
	};
	rootObject = 66A8FF0F208DF54D007BCD48 /* Project object */;
}
